// !$*UTF8*$!
{
	archiveVersion = 1;
	classes = {
	};
	objectVersion = 55;
	objects = {

/* Begin PBXBuildFile section */
		B01228BC27F43F41009D7F98 /* LoginViewController.swift in Sources */ = {isa = PBXBuildFile; fileRef = B01228BB27F43F41009D7F98 /* LoginViewController.swift */; };
		B01228BE27F43F9F009D7F98 /* LoginView.xib in Resources */ = {isa = PBXBuildFile; fileRef = B01228BD27F43F9F009D7F98 /* LoginView.xib */; };
		B0F0F9F127F3342D00874BCF /* AppDelegate.swift in Sources */ = {isa = PBXBuildFile; fileRef = B0F0F9F027F3342D00874BCF /* AppDelegate.swift */; };
		B0F0F9F327F3342D00874BCF /* SceneDelegate.swift in Sources */ = {isa = PBXBuildFile; fileRef = B0F0F9F227F3342D00874BCF /* SceneDelegate.swift */; };
		B0F0F9F527F3342D00874BCF /* ViewController.swift in Sources */ = {isa = PBXBuildFile; fileRef = B0F0F9F427F3342D00874BCF /* ViewController.swift */; };
		B0F0F9F827F3342D00874BCF /* Main.storyboard in Resources */ = {isa = PBXBuildFile; fileRef = B0F0F9F627F3342D00874BCF /* Main.storyboard */; };
		B0F0F9FA27F3342E00874BCF /* Assets.xcassets in Resources */ = {isa = PBXBuildFile; fileRef = B0F0F9F927F3342E00874BCF /* Assets.xcassets */; };
		B0F0F9FD27F3342E00874BCF /* LaunchScreen.storyboard in Resources */ = {isa = PBXBuildFile; fileRef = B0F0F9FB27F3342E00874BCF /* LaunchScreen.storyboard */; };
		B0F0FA0527F3350700874BCF /* LoginViewController2.swift in Sources */ = {isa = PBXBuildFile; fileRef = B0F0FA0427F3350700874BCF /* LoginViewController2.swift */; };
		B0F0FA0827F337DD00874BCF /* NunitoSans-Bold.ttf in Resources */ = {isa = PBXBuildFile; fileRef = B0F0FA0727F337DD00874BCF /* NunitoSans-Bold.ttf */; };
		B0F0FA0A27F337F200874BCF /* NunitoSans-Regular.ttf in Resources */ = {isa = PBXBuildFile; fileRef = B0F0FA0927F337F200874BCF /* NunitoSans-Regular.ttf */; };
/* End PBXBuildFile section */

/* Begin PBXFileReference section */
		B01228BB27F43F41009D7F98 /* LoginViewController.swift */ = {isa = PBXFileReference; lastKnownFileType = sourcecode.swift; path = LoginViewController.swift; sourceTree = "<group>"; };
		B01228BD27F43F9F009D7F98 /* LoginView.xib */ = {isa = PBXFileReference; lastKnownFileType = file.xib; path = LoginView.xib; sourceTree = "<group>"; };
		B0F0F9ED27F3342D00874BCF /* zwallet.app */ = {isa = PBXFileReference; explicitFileType = wrapper.application; includeInIndex = 0; path = zwallet.app; sourceTree = BUILT_PRODUCTS_DIR; };
		B0F0F9F027F3342D00874BCF /* AppDelegate.swift */ = {isa = PBXFileReference; lastKnownFileType = sourcecode.swift; path = AppDelegate.swift; sourceTree = "<group>"; };
		B0F0F9F227F3342D00874BCF /* SceneDelegate.swift */ = {isa = PBXFileReference; lastKnownFileType = sourcecode.swift; path = SceneDelegate.swift; sourceTree = "<group>"; };
		B0F0F9F427F3342D00874BCF /* ViewController.swift */ = {isa = PBXFileReference; lastKnownFileType = sourcecode.swift; path = ViewController.swift; sourceTree = "<group>"; };
		B0F0F9F727F3342D00874BCF /* Base */ = {isa = PBXFileReference; lastKnownFileType = file.storyboard; name = Base; path = Base.lproj/Main.storyboard; sourceTree = "<group>"; };
		B0F0F9F927F3342E00874BCF /* Assets.xcassets */ = {isa = PBXFileReference; lastKnownFileType = folder.assetcatalog; path = Assets.xcassets; sourceTree = "<group>"; };
		B0F0F9FC27F3342E00874BCF /* Base */ = {isa = PBXFileReference; lastKnownFileType = file.storyboard; name = Base; path = Base.lproj/LaunchScreen.storyboard; sourceTree = "<group>"; };
		B0F0F9FE27F3342E00874BCF /* Info.plist */ = {isa = PBXFileReference; lastKnownFileType = text.plist.xml; path = Info.plist; sourceTree = "<group>"; };
		B0F0FA0427F3350700874BCF /* LoginViewController2.swift */ = {isa = PBXFileReference; lastKnownFileType = sourcecode.swift; path = LoginViewController2.swift; sourceTree = "<group>"; };
		B0F0FA0727F337DD00874BCF /* NunitoSans-Bold.ttf */ = {isa = PBXFileReference; lastKnownFileType = file; path = "NunitoSans-Bold.ttf"; sourceTree = "<group>"; };
		B0F0FA0927F337F200874BCF /* NunitoSans-Regular.ttf */ = {isa = PBXFileReference; lastKnownFileType = file; path = "NunitoSans-Regular.ttf"; sourceTree = "<group>"; };
/* End PBXFileReference section */

/* Begin PBXFrameworksBuildPhase section */
		B0F0F9EA27F3342D00874BCF /* Frameworks */ = {
			isa = PBXFrameworksBuildPhase;
			buildActionMask = 2147483647;
			files = (
			);
			runOnlyForDeploymentPostprocessing = 0;
		};
/* End PBXFrameworksBuildPhase section */

/* Begin PBXGroup section */
		B01228AF27F43089009D7F98 /* Module */ = {
			isa = PBXGroup;
			children = (
				B01228B027F430CF009D7F98 /* LoginModule */,
			);
			path = Module;
			sourceTree = "<group>";
		};
		B01228B027F430CF009D7F98 /* LoginModule */ = {
			isa = PBXGroup;
			children = (
				B01228B427F4316C009D7F98 /* View */,
				B01228B327F43166009D7F98 /* Router */,
				B01228B227F4315D009D7F98 /* Presenter */,
				B01228B127F4314C009D7F98 /* Interactor */,
			);
			path = LoginModule;
			sourceTree = "<group>";
		};
		B01228B127F4314C009D7F98 /* Interactor */ = {
			isa = PBXGroup;
			children = (
			);
			path = Interactor;
			sourceTree = "<group>";
		};
		B01228B227F4315D009D7F98 /* Presenter */ = {
			isa = PBXGroup;
			children = (
			);
			path = Presenter;
			sourceTree = "<group>";
		};
		B01228B327F43166009D7F98 /* Router */ = {
			isa = PBXGroup;
			children = (
			);
			path = Router;
			sourceTree = "<group>";
		};
		B01228B427F4316C009D7F98 /* View */ = {
			isa = PBXGroup;
			children = (
				B01228BB27F43F41009D7F98 /* LoginViewController.swift */,
				B01228BD27F43F9F009D7F98 /* LoginView.xib */,
			);
			path = View;
			sourceTree = "<group>";
		};
		B0F0F9E427F3342D00874BCF = {
			isa = PBXGroup;
			children = (
				B0F0F9EF27F3342D00874BCF /* zwallet */,
				B0F0F9EE27F3342D00874BCF /* Products */,
			);
			sourceTree = "<group>";
		};
		B0F0F9EE27F3342D00874BCF /* Products */ = {
			isa = PBXGroup;
			children = (
				B0F0F9ED27F3342D00874BCF /* zwallet.app */,
			);
			name = Products;
			sourceTree = "<group>";
		};
		B0F0F9EF27F3342D00874BCF /* zwallet */ = {
			isa = PBXGroup;
			children = (
				B01228AF27F43089009D7F98 /* Module */,
				B0F0FA0627F337C000874BCF /* Font */,
				B0F0F9F027F3342D00874BCF /* AppDelegate.swift */,
				B0F0F9F227F3342D00874BCF /* SceneDelegate.swift */,
				B0F0F9F427F3342D00874BCF /* ViewController.swift */,
				B0F0F9F627F3342D00874BCF /* Main.storyboard */,
				B0F0F9F927F3342E00874BCF /* Assets.xcassets */,
				B0F0F9FB27F3342E00874BCF /* LaunchScreen.storyboard */,
				B0F0F9FE27F3342E00874BCF /* Info.plist */,
				B0F0FA0427F3350700874BCF /* LoginViewController2.swift */,
			);
			path = zwallet;
			sourceTree = "<group>";
		};
		B0F0FA0627F337C000874BCF /* Font */ = {
			isa = PBXGroup;
			children = (
				B0F0FA0927F337F200874BCF /* NunitoSans-Regular.ttf */,
				B0F0FA0727F337DD00874BCF /* NunitoSans-Bold.ttf */,
			);
			path = Font;
			sourceTree = "<group>";
		};
/* End PBXGroup section */

/* Begin PBXNativeTarget section */
		B0F0F9EC27F3342D00874BCF /* zwallet */ = {
			isa = PBXNativeTarget;
			buildConfigurationList = B0F0FA0127F3342E00874BCF /* Build configuration list for PBXNativeTarget "zwallet" */;
			buildPhases = (
				B0F0F9E927F3342D00874BCF /* Sources */,
				B0F0F9EA27F3342D00874BCF /* Frameworks */,
				B0F0F9EB27F3342D00874BCF /* Resources */,
			);
			buildRules = (
			);
			dependencies = (
			);
			name = zwallet;
			productName = zwallet;
			productReference = B0F0F9ED27F3342D00874BCF /* zwallet.app */;
			productType = "com.apple.product-type.application";
		};
/* End PBXNativeTarget section */

/* Begin PBXProject section */
		B0F0F9E527F3342D00874BCF /* Project object */ = {
			isa = PBXProject;
			attributes = {
				BuildIndependentTargetsInParallel = 1;
				LastSwiftUpdateCheck = 1320;
				LastUpgradeCheck = 1320;
				TargetAttributes = {
					B0F0F9EC27F3342D00874BCF = {
						CreatedOnToolsVersion = 13.2.1;
					};
				};
			};
			buildConfigurationList = B0F0F9E827F3342D00874BCF /* Build configuration list for PBXProject "zwallet" */;
			compatibilityVersion = "Xcode 13.0";
			developmentRegion = en;
			hasScannedForEncodings = 0;
			knownRegions = (
				en,
				Base,
			);
			mainGroup = B0F0F9E427F3342D00874BCF;
			productRefGroup = B0F0F9EE27F3342D00874BCF /* Products */;
			projectDirPath = "";
			projectRoot = "";
			targets = (
				B0F0F9EC27F3342D00874BCF /* zwallet */,
			);
		};
/* End PBXProject section */

/* Begin PBXResourcesBuildPhase section */
		B0F0F9EB27F3342D00874BCF /* Resources */ = {
			isa = PBXResourcesBuildPhase;
			buildActionMask = 2147483647;
			files = (
				B0F0F9FD27F3342E00874BCF /* LaunchScreen.storyboard in Resources */,
				B0F0F9FA27F3342E00874BCF /* Assets.xcassets in Resources */,
				B01228BE27F43F9F009D7F98 /* LoginView.xib in Resources */,
				B0F0FA0A27F337F200874BCF /* NunitoSans-Regular.ttf in Resources */,
				B0F0F9F827F3342D00874BCF /* Main.storyboard in Resources */,
				B0F0FA0827F337DD00874BCF /* NunitoSans-Bold.ttf in Resources */,
			);
			runOnlyForDeploymentPostprocessing = 0;
		};
/* End PBXResourcesBuildPhase section */

/* Begin PBXSourcesBuildPhase section */
		B0F0F9E927F3342D00874BCF /* Sources */ = {
			isa = PBXSourcesBuildPhase;
			buildActionMask = 2147483647;
			files = (
				B0F0FA0527F3350700874BCF /* LoginViewController2.swift in Sources */,
				B0F0F9F527F3342D00874BCF /* ViewController.swift in Sources */,
				B0F0F9F127F3342D00874BCF /* AppDelegate.swift in Sources */,
				B01228BC27F43F41009D7F98 /* LoginViewController.swift in Sources */,
				B0F0F9F327F3342D00874BCF /* SceneDelegate.swift in Sources */,
			);
			runOnlyForDeploymentPostprocessing = 0;
		};
/* End PBXSourcesBuildPhase section */

/* Begin PBXVariantGroup section */
		B0F0F9F627F3342D00874BCF /* Main.storyboard */ = {
			isa = PBXVariantGroup;
			children = (
				B0F0F9F727F3342D00874BCF /* Base */,
			);
			name = Main.storyboard;
			sourceTree = "<group>";
		};
		B0F0F9FB27F3342E00874BCF /* LaunchScreen.storyboard */ = {
			isa = PBXVariantGroup;
			children = (
				B0F0F9FC27F3342E00874BCF /* Base */,
			);
			name = LaunchScreen.storyboard;
			sourceTree = "<group>";
		};
/* End PBXVariantGroup section */

/* Begin XCBuildConfiguration section */
		B0F0F9FF27F3342E00874BCF /* Debug */ = {
			isa = XCBuildConfiguration;
			buildSettings = {
				ALWAYS_SEARCH_USER_PATHS = NO;
				CLANG_ANALYZER_NONNULL = YES;
				CLANG_ANALYZER_NUMBER_OBJECT_CONVERSION = YES_AGGRESSIVE;
				CLANG_CXX_LANGUAGE_STANDARD = "gnu++17";
				CLANG_CXX_LIBRARY = "libc++";
				CLANG_ENABLE_MODULES = YES;
				CLANG_ENABLE_OBJC_ARC = YES;
				CLANG_ENABLE_OBJC_WEAK = YES;
				CLANG_WARN_BLOCK_CAPTURE_AUTORELEASING = YES;
				CLANG_WARN_BOOL_CONVERSION = YES;
				CLANG_WARN_COMMA = YES;
				CLANG_WARN_CONSTANT_CONVERSION = YES;
				CLANG_WARN_DEPRECATED_OBJC_IMPLEMENTATIONS = YES;
				CLANG_WARN_DIRECT_OBJC_ISA_USAGE = YES_ERROR;
				CLANG_WARN_DOCUMENTATION_COMMENTS = YES;
				CLANG_WARN_EMPTY_BODY = YES;
				CLANG_WARN_ENUM_CONVERSION = YES;
				CLANG_WARN_INFINITE_RECURSION = YES;
				CLANG_WARN_INT_CONVERSION = YES;
				CLANG_WARN_NON_LITERAL_NULL_CONVERSION = YES;
				CLANG_WARN_OBJC_IMPLICIT_RETAIN_SELF = YES;
				CLANG_WARN_OBJC_LITERAL_CONVERSION = YES;
				CLANG_WARN_OBJC_ROOT_CLASS = YES_ERROR;
				CLANG_WARN_QUOTED_INCLUDE_IN_FRAMEWORK_HEADER = YES;
				CLANG_WARN_RANGE_LOOP_ANALYSIS = YES;
				CLANG_WARN_STRICT_PROTOTYPES = YES;
				CLANG_WARN_SUSPICIOUS_MOVE = YES;
				CLANG_WARN_UNGUARDED_AVAILABILITY = YES_AGGRESSIVE;
				CLANG_WARN_UNREACHABLE_CODE = YES;
				CLANG_WARN__DUPLICATE_METHOD_MATCH = YES;
				COPY_PHASE_STRIP = NO;
				DEBUG_INFORMATION_FORMAT = dwarf;
				ENABLE_STRICT_OBJC_MSGSEND = YES;
				ENABLE_TESTABILITY = YES;
				GCC_C_LANGUAGE_STANDARD = gnu11;
				GCC_DYNAMIC_NO_PIC = NO;
				GCC_NO_COMMON_BLOCKS = YES;
				GCC_OPTIMIZATION_LEVEL = 0;
				GCC_PREPROCESSOR_DEFINITIONS = (
					"DEBUG=1",
					"$(inherited)",
				);
				GCC_WARN_64_TO_32_BIT_CONVERSION = YES;
				GCC_WARN_ABOUT_RETURN_TYPE = YES_ERROR;
				GCC_WARN_UNDECLARED_SELECTOR = YES;
				GCC_WARN_UNINITIALIZED_AUTOS = YES_AGGRESSIVE;
				GCC_WARN_UNUSED_FUNCTION = YES;
				GCC_WARN_UNUSED_VARIABLE = YES;
				IPHONEOS_DEPLOYMENT_TARGET = 15.2;
				MTL_ENABLE_DEBUG_INFO = INCLUDE_SOURCE;
				MTL_FAST_MATH = YES;
				ONLY_ACTIVE_ARCH = YES;
				SDKROOT = iphoneos;
				SWIFT_ACTIVE_COMPILATION_CONDITIONS = DEBUG;
				SWIFT_OPTIMIZATION_LEVEL = "-Onone";
			};
			name = Debug;
		};
		B0F0FA0027F3342E00874BCF /* Release */ = {
			isa = XCBuildConfiguration;
			buildSettings = {
				ALWAYS_SEARCH_USER_PATHS = NO;
				CLANG_ANALYZER_NONNULL = YES;
				CLANG_ANALYZER_NUMBER_OBJECT_CONVERSION = YES_AGGRESSIVE;
				CLANG_CXX_LANGUAGE_STANDARD = "gnu++17";
				CLANG_CXX_LIBRARY = "libc++";
				CLANG_ENABLE_MODULES = YES;
				CLANG_ENABLE_OBJC_ARC = YES;
				CLANG_ENABLE_OBJC_WEAK = YES;
				CLANG_WARN_BLOCK_CAPTURE_AUTORELEASING = YES;
				CLANG_WARN_BOOL_CONVERSION = YES;
				CLANG_WARN_COMMA = YES;
				CLANG_WARN_CONSTANT_CONVERSION = YES;
				CLANG_WARN_DEPRECATED_OBJC_IMPLEMENTATIONS = YES;
				CLANG_WARN_DIRECT_OBJC_ISA_USAGE = YES_ERROR;
				CLANG_WARN_DOCUMENTATION_COMMENTS = YES;
				CLANG_WARN_EMPTY_BODY = YES;
				CLANG_WARN_ENUM_CONVERSION = YES;
				CLANG_WARN_INFINITE_RECURSION = YES;
				CLANG_WARN_INT_CONVERSION = YES;
				CLANG_WARN_NON_LITERAL_NULL_CONVERSION = YES;
				CLANG_WARN_OBJC_IMPLICIT_RETAIN_SELF = YES;
				CLANG_WARN_OBJC_LITERAL_CONVERSION = YES;
				CLANG_WARN_OBJC_ROOT_CLASS = YES_ERROR;
				CLANG_WARN_QUOTED_INCLUDE_IN_FRAMEWORK_HEADER = YES;
				CLANG_WARN_RANGE_LOOP_ANALYSIS = YES;
				CLANG_WARN_STRICT_PROTOTYPES = YES;
				CLANG_WARN_SUSPICIOUS_MOVE = YES;
				CLANG_WARN_UNGUARDED_AVAILABILITY = YES_AGGRESSIVE;
				CLANG_WARN_UNREACHABLE_CODE = YES;
				CLANG_WARN__DUPLICATE_METHOD_MATCH = YES;
				COPY_PHASE_STRIP = NO;
				DEBUG_INFORMATION_FORMAT = "dwarf-with-dsym";
				ENABLE_NS_ASSERTIONS = NO;
				ENABLE_STRICT_OBJC_MSGSEND = YES;
				GCC_C_LANGUAGE_STANDARD = gnu11;
				GCC_NO_COMMON_BLOCKS = YES;
				GCC_WARN_64_TO_32_BIT_CONVERSION = YES;
				GCC_WARN_ABOUT_RETURN_TYPE = YES_ERROR;
				GCC_WARN_UNDECLARED_SELECTOR = YES;
				GCC_WARN_UNINITIALIZED_AUTOS = YES_AGGRESSIVE;
				GCC_WARN_UNUSED_FUNCTION = YES;
				GCC_WARN_UNUSED_VARIABLE = YES;
				IPHONEOS_DEPLOYMENT_TARGET = 15.2;
				MTL_ENABLE_DEBUG_INFO = NO;
				MTL_FAST_MATH = YES;
				SDKROOT = iphoneos;
				SWIFT_COMPILATION_MODE = wholemodule;
				SWIFT_OPTIMIZATION_LEVEL = "-O";
				VALIDATE_PRODUCT = YES;
			};
			name = Release;
		};
		B0F0FA0227F3342E00874BCF /* Debug */ = {
			isa = XCBuildConfiguration;
			buildSettings = {
				ASSETCATALOG_COMPILER_APPICON_NAME = AppIcon;
				ASSETCATALOG_COMPILER_GLOBAL_ACCENT_COLOR_NAME = AccentColor;
				CODE_SIGN_STYLE = Automatic;
				CURRENT_PROJECT_VERSION = 1;
				GENERATE_INFOPLIST_FILE = YES;
				INFOPLIST_FILE = zwallet/Info.plist;
				INFOPLIST_KEY_UIApplicationSupportsIndirectInputEvents = YES;
				INFOPLIST_KEY_UILaunchStoryboardName = LaunchScreen;
				INFOPLIST_KEY_UISupportedInterfaceOrientations_iPad = "UIInterfaceOrientationPortrait UIInterfaceOrientationPortraitUpsideDown UIInterfaceOrientationLandscapeLeft UIInterfaceOrientationLandscapeRight";
				INFOPLIST_KEY_UISupportedInterfaceOrientations_iPhone = "UIInterfaceOrientationPortrait UIInterfaceOrientationLandscapeLeft UIInterfaceOrientationLandscapeRight";
				LD_RUNPATH_SEARCH_PATHS = (
					"$(inherited)",
					"@executable_path/Frameworks",
				);
				MARKETING_VERSION = 1.0;
				PRODUCT_BUNDLE_IDENTIFIER = com.yudhi.zwallet;
				PRODUCT_NAME = "$(TARGET_NAME)";
				SWIFT_EMIT_LOC_STRINGS = YES;
				SWIFT_VERSION = 5.0;
				TARGETED_DEVICE_FAMILY = "1,2";
			};
			name = Debug;
		};
		B0F0FA0327F3342E00874BCF /* Release */ = {
			isa = XCBuildConfiguration;
			buildSettings = {
				ASSETCATALOG_COMPILER_APPICON_NAME = AppIcon;
				ASSETCATALOG_COMPILER_GLOBAL_ACCENT_COLOR_NAME = AccentColor;
				CODE_SIGN_STYLE = Automatic;
				CURRENT_PROJECT_VERSION = 1;
				GENERATE_INFOPLIST_FILE = YES;
				INFOPLIST_FILE = zwallet/Info.plist;
				INFOPLIST_KEY_UIApplicationSupportsIndirectInputEvents = YES;
				INFOPLIST_KEY_UILaunchStoryboardName = LaunchScreen;
				INFOPLIST_KEY_UISupportedInterfaceOrientations_iPad = "UIInterfaceOrientationPortrait UIInterfaceOrientationPortraitUpsideDown UIInterfaceOrientationLandscapeLeft UIInterfaceOrientationLandscapeRight";
				INFOPLIST_KEY_UISupportedInterfaceOrientations_iPhone = "UIInterfaceOrientationPortrait UIInterfaceOrientationLandscapeLeft UIInterfaceOrientationLandscapeRight";
				LD_RUNPATH_SEARCH_PATHS = (
					"$(inherited)",
					"@executable_path/Frameworks",
				);
				MARKETING_VERSION = 1.0;
				PRODUCT_BUNDLE_IDENTIFIER = com.yudhi.zwallet;
				PRODUCT_NAME = "$(TARGET_NAME)";
				SWIFT_EMIT_LOC_STRINGS = YES;
				SWIFT_VERSION = 5.0;
				TARGETED_DEVICE_FAMILY = "1,2";
			};
			name = Release;
		};
/* End XCBuildConfiguration section */

/* Begin XCConfigurationList section */
		B0F0F9E827F3342D00874BCF /* Build configuration list for PBXProject "zwallet" */ = {
			isa = XCConfigurationList;
			buildConfigurations = (
				B0F0F9FF27F3342E00874BCF /* Debug */,
				B0F0FA0027F3342E00874BCF /* Release */,
			);
			defaultConfigurationIsVisible = 0;
			defaultConfigurationName = Release;
		};
		B0F0FA0127F3342E00874BCF /* Build configuration list for PBXNativeTarget "zwallet" */ = {
			isa = XCConfigurationList;
			buildConfigurations = (
				B0F0FA0227F3342E00874BCF /* Debug */,
				B0F0FA0327F3342E00874BCF /* Release */,
			);
			defaultConfigurationIsVisible = 0;
			defaultConfigurationName = Release;
		};
/* End XCConfigurationList section */
	};
	rootObject = B0F0F9E527F3342D00874BCF /* Project object */;
}
